{
  "name": "voorbeeldvraag-github-actions",
  "version": "1.0.0",
  "lockfileVersion": 3,
  "requires": true,
  "packages": {
    "": {
      "name": "voorbeeldvraag-github-actions",
      "version": "1.0.0",
      "license": "ISC",
      "dependencies": {
        "fortune-messages": "^1.2.2"
      }
    },
    "node_modules/fortune-messages": {
      "version": "1.2.2",
      "resolved": "https://registry.npmjs.org/fortune-messages/-/fortune-messages-1.2.2.tgz",
      "integrity": "sha512-zLXDeMZYiMtV2ipGIqMRohL1Jc2mUljtH9C/WUamoG8K/CU5FftmcHKvnMMum3xBMaEVox/Zx7pCX2TQj4JfDA=="
    }
  }
}
